{
  "name": "csacademia",
  "requires": true,
  "lockfileVersion": 1,
  "dependencies": {
    "bootstrap": {
      "version": "3.3.4",
      "resolved": "http://registry.npmjs.org/bootstrap/-/bootstrap-3.3.4.tgz",
      "integrity": "sha1-AjeLSmts56VeOt0e2uQa1590ZGo="
    },
    "html5shiv": {
      "version": "3.7.3",
      "resolved": "https://registry.npmjs.org/html5shiv/-/html5shiv-3.7.3.tgz",
      "integrity": "sha1-14qEo2e8uacQEA1XgCw4ewhGMdI="
    },
    "jquery": {
      "version": "1.12.4",
      "resolved": "https://registry.npmjs.org/jquery/-/jquery-1.12.4.tgz",
      "integrity": "sha1-AeHfuikP5z3rp3zurLD5ui/sngw="
    },
    "knockout": {
      "version": "3.5.0",
      "resolved": "http://registry.npmjs.org/knockout/-/knockout-3.5.0.tgz",
      "integrity": "sha512-vBUF/IsBDzaejHkNpiquKdc5uPrImXuQ4Mb9lEfNNJ5cyHGI8ThDupR+h3eMFZhfmPE/brfwcIAn/fm0yOvJUg=="
    }
  }
}
