{
  "name": "csacademia",
  "version": "1.0.0",
  "lockfileVersion": 1,
  "requires": true,
  "dependencies": {
    "bootstrap": {
      "version": "3.3.4",
      "resolved": "http://registry.npmjs.org/bootstrap/-/bootstrap-3.3.4.tgz",
      "integrity": "sha1-AjeLSmts56VeOt0e2uQa1590ZGo="
    }
  }
}
